// !$*UTF8*$!
{
	archiveVersion = 1;
	classes = {
	};
	objectVersion = 56;
	objects = {

/* Begin PBXBuildFile section */
		27AA34AD2D60879700FEC5F4 /* Constants.swift in Sources */ = {isa = PBXBuildFile; fileRef = 27AA34AC2D60879700FEC5F4 /* Constants.swift */; };
		27AA34B22D60933500FEC5F4 /* Localizable.xcstrings in Resources */ = {isa = PBXBuildFile; fileRef = 27AA34B12D60933500FEC5F4 /* Localizable.xcstrings */; };
		27AA34B42D609F8F00FEC5F4 /* SignUpPage.swift in Sources */ = {isa = PBXBuildFile; fileRef = 27AA34B32D609F8F00FEC5F4 /* SignUpPage.swift */; };
		27AA34B62D60D23300FEC5F4 /* SignInPage.swift in Sources */ = {isa = PBXBuildFile; fileRef = 27AA34B52D60D23300FEC5F4 /* SignInPage.swift */; };
		27D12CFD2D61D97A00AC3337 /* ForgotPwdPage.swift in Sources */ = {isa = PBXBuildFile; fileRef = 27D12CFC2D61D97A00AC3337 /* ForgotPwdPage.swift */; };
		27D12CFF2D61F51900AC3337 /* languageManager.swift in Sources */ = {isa = PBXBuildFile; fileRef = 27D12CFE2D61F51900AC3337 /* languageManager.swift */; };
		27D44CBF2D607F1B00BF8E84 /* AppDelegate.swift in Sources */ = {isa = PBXBuildFile; fileRef = 27D44CBE2D607F1B00BF8E84 /* AppDelegate.swift */; };
		27D44CC12D607F1B00BF8E84 /* SceneDelegate.swift in Sources */ = {isa = PBXBuildFile; fileRef = 27D44CC02D607F1B00BF8E84 /* SceneDelegate.swift */; };
		27D44CC32D607F1B00BF8E84 /* SplashPage.swift in Sources */ = {isa = PBXBuildFile; fileRef = 27D44CC22D607F1B00BF8E84 /* SplashPage.swift */; };
		27D44CC62D607F1B00BF8E84 /* Base in Resources */ = {isa = PBXBuildFile; fileRef = 27D44CC52D607F1B00BF8E84 /* Base */; };
		27D44CC82D607F1D00BF8E84 /* Assets.xcassets in Resources */ = {isa = PBXBuildFile; fileRef = 27D44CC72D607F1D00BF8E84 /* Assets.xcassets */; };
		27D44CCB2D607F1D00BF8E84 /* Base in Resources */ = {isa = PBXBuildFile; fileRef = 27D44CCA2D607F1D00BF8E84 /* Base */; };
		27D44CD62D607F1E00BF8E84 /* RMPTests.swift in Sources */ = {isa = PBXBuildFile; fileRef = 27D44CD52D607F1E00BF8E84 /* RMPTests.swift */; };
		27D44CE02D607F1E00BF8E84 /* RMPUITests.swift in Sources */ = {isa = PBXBuildFile; fileRef = 27D44CDF2D607F1E00BF8E84 /* RMPUITests.swift */; };
		27D44CE22D607F1E00BF8E84 /* RMPUITestsLaunchTests.swift in Sources */ = {isa = PBXBuildFile; fileRef = 27D44CE12D607F1E00BF8E84 /* RMPUITestsLaunchTests.swift */; };
/* End PBXBuildFile section */

/* Begin PBXContainerItemProxy section */
		27D44CD22D607F1E00BF8E84 /* PBXContainerItemProxy */ = {
			isa = PBXContainerItemProxy;
			containerPortal = 27D44CB32D607F1B00BF8E84 /* Project object */;
			proxyType = 1;
			remoteGlobalIDString = 27D44CBA2D607F1B00BF8E84;
			remoteInfo = RMP;
		};
		27D44CDC2D607F1E00BF8E84 /* PBXContainerItemProxy */ = {
			isa = PBXContainerItemProxy;
			containerPortal = 27D44CB32D607F1B00BF8E84 /* Project object */;
			proxyType = 1;
			remoteGlobalIDString = 27D44CBA2D607F1B00BF8E84;
			remoteInfo = RMP;
		};
/* End PBXContainerItemProxy section */

/* Begin PBXFileReference section */
		27AA34AC2D60879700FEC5F4 /* Constants.swift */ = {isa = PBXFileReference; lastKnownFileType = sourcecode.swift; path = Constants.swift; sourceTree = "<group>"; };
		27AA34B12D60933500FEC5F4 /* Localizable.xcstrings */ = {isa = PBXFileReference; lastKnownFileType = text.json.xcstrings; path = Localizable.xcstrings; sourceTree = "<group>"; };
		27AA34B32D609F8F00FEC5F4 /* SignUpPage.swift */ = {isa = PBXFileReference; lastKnownFileType = sourcecode.swift; path = SignUpPage.swift; sourceTree = "<group>"; };
		27AA34B52D60D23300FEC5F4 /* SignInPage.swift */ = {isa = PBXFileReference; lastKnownFileType = sourcecode.swift; path = SignInPage.swift; sourceTree = "<group>"; };
		27D12CFC2D61D97A00AC3337 /* ForgotPwdPage.swift */ = {isa = PBXFileReference; lastKnownFileType = sourcecode.swift; path = ForgotPwdPage.swift; sourceTree = "<group>"; };
		27D12CFE2D61F51900AC3337 /* languageManager.swift */ = {isa = PBXFileReference; lastKnownFileType = sourcecode.swift; path = languageManager.swift; sourceTree = "<group>"; };
		27D44CBB2D607F1B00BF8E84 /* RMP.app */ = {isa = PBXFileReference; explicitFileType = wrapper.application; includeInIndex = 0; path = RMP.app; sourceTree = BUILT_PRODUCTS_DIR; };
		27D44CBE2D607F1B00BF8E84 /* AppDelegate.swift */ = {isa = PBXFileReference; lastKnownFileType = sourcecode.swift; path = AppDelegate.swift; sourceTree = "<group>"; };
		27D44CC02D607F1B00BF8E84 /* SceneDelegate.swift */ = {isa = PBXFileReference; lastKnownFileType = sourcecode.swift; path = SceneDelegate.swift; sourceTree = "<group>"; };
		27D44CC22D607F1B00BF8E84 /* SplashPage.swift */ = {isa = PBXFileReference; lastKnownFileType = sourcecode.swift; path = SplashPage.swift; sourceTree = "<group>"; };
		27D44CC52D607F1B00BF8E84 /* Base */ = {isa = PBXFileReference; lastKnownFileType = file.storyboard; name = Base; path = Base.lproj/Main.storyboard; sourceTree = "<group>"; };
		27D44CC72D607F1D00BF8E84 /* Assets.xcassets */ = {isa = PBXFileReference; lastKnownFileType = folder.assetcatalog; path = Assets.xcassets; sourceTree = "<group>"; };
		27D44CCA2D607F1D00BF8E84 /* Base */ = {isa = PBXFileReference; lastKnownFileType = file.storyboard; name = Base; path = Base.lproj/LaunchScreen.storyboard; sourceTree = "<group>"; };
		27D44CCC2D607F1D00BF8E84 /* Info.plist */ = {isa = PBXFileReference; lastKnownFileType = text.plist.xml; path = Info.plist; sourceTree = "<group>"; };
		27D44CD12D607F1E00BF8E84 /* RMPTests.xctest */ = {isa = PBXFileReference; explicitFileType = wrapper.cfbundle; includeInIndex = 0; path = RMPTests.xctest; sourceTree = BUILT_PRODUCTS_DIR; };
		27D44CD52D607F1E00BF8E84 /* RMPTests.swift */ = {isa = PBXFileReference; lastKnownFileType = sourcecode.swift; path = RMPTests.swift; sourceTree = "<group>"; };
		27D44CDB2D607F1E00BF8E84 /* RMPUITests.xctest */ = {isa = PBXFileReference; explicitFileType = wrapper.cfbundle; includeInIndex = 0; path = RMPUITests.xctest; sourceTree = BUILT_PRODUCTS_DIR; };
		27D44CDF2D607F1E00BF8E84 /* RMPUITests.swift */ = {isa = PBXFileReference; lastKnownFileType = sourcecode.swift; path = RMPUITests.swift; sourceTree = "<group>"; };
		27D44CE12D607F1E00BF8E84 /* RMPUITestsLaunchTests.swift */ = {isa = PBXFileReference; lastKnownFileType = sourcecode.swift; path = RMPUITestsLaunchTests.swift; sourceTree = "<group>"; };
/* End PBXFileReference section */

/* Begin PBXFrameworksBuildPhase section */
		27D44CB82D607F1B00BF8E84 /* Frameworks */ = {
			isa = PBXFrameworksBuildPhase;
			buildActionMask = 2147483647;
			files = (
			);
			runOnlyForDeploymentPostprocessing = 0;
		};
		27D44CCE2D607F1E00BF8E84 /* Frameworks */ = {
			isa = PBXFrameworksBuildPhase;
			buildActionMask = 2147483647;
			files = (
			);
			runOnlyForDeploymentPostprocessing = 0;
		};
		27D44CD82D607F1E00BF8E84 /* Frameworks */ = {
			isa = PBXFrameworksBuildPhase;
			buildActionMask = 2147483647;
			files = (
			);
			runOnlyForDeploymentPostprocessing = 0;
		};
/* End PBXFrameworksBuildPhase section */

/* Begin PBXGroup section */
		27D44CB22D607F1B00BF8E84 = {
			isa = PBXGroup;
			children = (
				27D44CBD2D607F1B00BF8E84 /* RMP */,
				27D44CD42D607F1E00BF8E84 /* RMPTests */,
				27D44CDE2D607F1E00BF8E84 /* RMPUITests */,
				27D44CBC2D607F1B00BF8E84 /* Products */,
			);
			sourceTree = "<group>";
		};
		27D44CBC2D607F1B00BF8E84 /* Products */ = {
			isa = PBXGroup;
			children = (
				27D44CBB2D607F1B00BF8E84 /* RMP.app */,
				27D44CD12D607F1E00BF8E84 /* RMPTests.xctest */,
				27D44CDB2D607F1E00BF8E84 /* RMPUITests.xctest */,
			);
			name = Products;
			sourceTree = "<group>";
		};
		27D44CBD2D607F1B00BF8E84 /* RMP */ = {
			isa = PBXGroup;
			children = (
				27D44CBE2D607F1B00BF8E84 /* AppDelegate.swift */,
				27D44CC02D607F1B00BF8E84 /* SceneDelegate.swift */,
				27D44CC22D607F1B00BF8E84 /* SplashPage.swift */,
				27AA34B52D60D23300FEC5F4 /* SignInPage.swift */,
				27AA34B32D609F8F00FEC5F4 /* SignUpPage.swift */,
				27D12CFC2D61D97A00AC3337 /* ForgotPwdPage.swift */,
				27D44CC42D607F1B00BF8E84 /* Main.storyboard */,
				27AA34AC2D60879700FEC5F4 /* Constants.swift */,
				27D44CC72D607F1D00BF8E84 /* Assets.xcassets */,
				27D44CC92D607F1D00BF8E84 /* LaunchScreen.storyboard */,
				27D44CCC2D607F1D00BF8E84 /* Info.plist */,
				27AA34B12D60933500FEC5F4 /* Localizable.xcstrings */,
				27D12CFE2D61F51900AC3337 /* languageManager.swift */,
			);
			path = RMP;
			sourceTree = "<group>";
		};
		27D44CD42D607F1E00BF8E84 /* RMPTests */ = {
			isa = PBXGroup;
			children = (
				27D44CD52D607F1E00BF8E84 /* RMPTests.swift */,
			);
			path = RMPTests;
			sourceTree = "<group>";
		};
		27D44CDE2D607F1E00BF8E84 /* RMPUITests */ = {
			isa = PBXGroup;
			children = (
				27D44CDF2D607F1E00BF8E84 /* RMPUITests.swift */,
				27D44CE12D607F1E00BF8E84 /* RMPUITestsLaunchTests.swift */,
			);
			path = RMPUITests;
			sourceTree = "<group>";
		};
/* End PBXGroup section */

/* Begin PBXNativeTarget section */
		27D44CBA2D607F1B00BF8E84 /* RMP */ = {
			isa = PBXNativeTarget;
			buildConfigurationList = 27D44CE52D607F1E00BF8E84 /* Build configuration list for PBXNativeTarget "RMP" */;
			buildPhases = (
				27D44CB72D607F1B00BF8E84 /* Sources */,
				27D44CB82D607F1B00BF8E84 /* Frameworks */,
				27D44CB92D607F1B00BF8E84 /* Resources */,
			);
			buildRules = (
			);
			dependencies = (
			);
			name = RMP;
			productName = RMP;
			productReference = 27D44CBB2D607F1B00BF8E84 /* RMP.app */;
			productType = "com.apple.product-type.application";
		};
		27D44CD02D607F1E00BF8E84 /* RMPTests */ = {
			isa = PBXNativeTarget;
			buildConfigurationList = 27D44CE82D607F1E00BF8E84 /* Build configuration list for PBXNativeTarget "RMPTests" */;
			buildPhases = (
				27D44CCD2D607F1E00BF8E84 /* Sources */,
				27D44CCE2D607F1E00BF8E84 /* Frameworks */,
				27D44CCF2D607F1E00BF8E84 /* Resources */,
			);
			buildRules = (
			);
			dependencies = (
				27D44CD32D607F1E00BF8E84 /* PBXTargetDependency */,
			);
			name = RMPTests;
			productName = RMPTests;
			productReference = 27D44CD12D607F1E00BF8E84 /* RMPTests.xctest */;
			productType = "com.apple.product-type.bundle.unit-test";
		};
		27D44CDA2D607F1E00BF8E84 /* RMPUITests */ = {
			isa = PBXNativeTarget;
			buildConfigurationList = 27D44CEB2D607F1E00BF8E84 /* Build configuration list for PBXNativeTarget "RMPUITests" */;
			buildPhases = (
				27D44CD72D607F1E00BF8E84 /* Sources */,
				27D44CD82D607F1E00BF8E84 /* Frameworks */,
				27D44CD92D607F1E00BF8E84 /* Resources */,
			);
			buildRules = (
			);
			dependencies = (
				27D44CDD2D607F1E00BF8E84 /* PBXTargetDependency */,
			);
			name = RMPUITests;
			productName = RMPUITests;
			productReference = 27D44CDB2D607F1E00BF8E84 /* RMPUITests.xctest */;
			productType = "com.apple.product-type.bundle.ui-testing";
		};
/* End PBXNativeTarget section */

/* Begin PBXProject section */
		27D44CB32D607F1B00BF8E84 /* Project object */ = {
			isa = PBXProject;
			attributes = {
				BuildIndependentTargetsInParallel = 1;
				LastSwiftUpdateCheck = 1540;
				LastUpgradeCheck = 1540;
				TargetAttributes = {
					27D44CBA2D607F1B00BF8E84 = {
						CreatedOnToolsVersion = 15.4;
					};
					27D44CD02D607F1E00BF8E84 = {
						CreatedOnToolsVersion = 15.4;
						TestTargetID = 27D44CBA2D607F1B00BF8E84;
					};
					27D44CDA2D607F1E00BF8E84 = {
						CreatedOnToolsVersion = 15.4;
						TestTargetID = 27D44CBA2D607F1B00BF8E84;
					};
				};
			};
			buildConfigurationList = 27D44CB62D607F1B00BF8E84 /* Build configuration list for PBXProject "RMP" */;
			compatibilityVersion = "Xcode 14.0";
			developmentRegion = en;
			hasScannedForEncodings = 0;
			knownRegions = (
				en,
				Base,
				hi,
				ur,
				ta,
				te,
				kn,
				ml,
				ig,
				ha,
				yo,
			);
			mainGroup = 27D44CB22D607F1B00BF8E84;
			productRefGroup = 27D44CBC2D607F1B00BF8E84 /* Products */;
			projectDirPath = "";
			projectRoot = "";
			targets = (
				27D44CBA2D607F1B00BF8E84 /* RMP */,
				27D44CD02D607F1E00BF8E84 /* RMPTests */,
				27D44CDA2D607F1E00BF8E84 /* RMPUITests */,
			);
		};
/* End PBXProject section */

/* Begin PBXResourcesBuildPhase section */
		27D44CB92D607F1B00BF8E84 /* Resources */ = {
			isa = PBXResourcesBuildPhase;
			buildActionMask = 2147483647;
			files = (
				27D44CC82D607F1D00BF8E84 /* Assets.xcassets in Resources */,
				27AA34B22D60933500FEC5F4 /* Localizable.xcstrings in Resources */,
				27D44CCB2D607F1D00BF8E84 /* Base in Resources */,
				27D44CC62D607F1B00BF8E84 /* Base in Resources */,
			);
			runOnlyForDeploymentPostprocessing = 0;
		};
		27D44CCF2D607F1E00BF8E84 /* Resources */ = {
			isa = PBXResourcesBuildPhase;
			buildActionMask = 2147483647;
			files = (
			);
			runOnlyForDeploymentPostprocessing = 0;
		};
		27D44CD92D607F1E00BF8E84 /* Resources */ = {
			isa = PBXResourcesBuildPhase;
			buildActionMask = 2147483647;
			files = (
			);
			runOnlyForDeploymentPostprocessing = 0;
		};
/* End PBXResourcesBuildPhase section */

/* Begin PBXSourcesBuildPhase section */
		27D44CB72D607F1B00BF8E84 /* Sources */ = {
			isa = PBXSourcesBuildPhase;
			buildActionMask = 2147483647;
			files = (
				27D44CC32D607F1B00BF8E84 /* SplashPage.swift in Sources */,
				27AA34B42D609F8F00FEC5F4 /* SignUpPage.swift in Sources */,
				27AA34B62D60D23300FEC5F4 /* SignInPage.swift in Sources */,
				27D44CBF2D607F1B00BF8E84 /* AppDelegate.swift in Sources */,
				27D12CFD2D61D97A00AC3337 /* ForgotPwdPage.swift in Sources */,
				27D44CC12D607F1B00BF8E84 /* SceneDelegate.swift in Sources */,
				27AA34AD2D60879700FEC5F4 /* Constants.swift in Sources */,
				27D12CFF2D61F51900AC3337 /* languageManager.swift in Sources */,
			);
			runOnlyForDeploymentPostprocessing = 0;
		};
		27D44CCD2D607F1E00BF8E84 /* Sources */ = {
			isa = PBXSourcesBuildPhase;
			buildActionMask = 2147483647;
			files = (
				27D44CD62D607F1E00BF8E84 /* RMPTests.swift in Sources */,
			);
			runOnlyForDeploymentPostprocessing = 0;
		};
		27D44CD72D607F1E00BF8E84 /* Sources */ = {
			isa = PBXSourcesBuildPhase;
			buildActionMask = 2147483647;
			files = (
				27D44CE22D607F1E00BF8E84 /* RMPUITestsLaunchTests.swift in Sources */,
				27D44CE02D607F1E00BF8E84 /* RMPUITests.swift in Sources */,
			);
			runOnlyForDeploymentPostprocessing = 0;
		};
/* End PBXSourcesBuildPhase section */

/* Begin PBXTargetDependency section */
		27D44CD32D607F1E00BF8E84 /* PBXTargetDependency */ = {
			isa = PBXTargetDependency;
			target = 27D44CBA2D607F1B00BF8E84 /* RMP */;
			targetProxy = 27D44CD22D607F1E00BF8E84 /* PBXContainerItemProxy */;
		};
		27D44CDD2D607F1E00BF8E84 /* PBXTargetDependency */ = {
			isa = PBXTargetDependency;
			target = 27D44CBA2D607F1B00BF8E84 /* RMP */;
			targetProxy = 27D44CDC2D607F1E00BF8E84 /* PBXContainerItemProxy */;
		};
/* End PBXTargetDependency section */

/* Begin PBXVariantGroup section */
		27D44CC42D607F1B00BF8E84 /* Main.storyboard */ = {
			isa = PBXVariantGroup;
			children = (
				27D44CC52D607F1B00BF8E84 /* Base */,
			);
			name = Main.storyboard;
			sourceTree = "<group>";
		};
		27D44CC92D607F1D00BF8E84 /* LaunchScreen.storyboard */ = {
			isa = PBXVariantGroup;
			children = (
				27D44CCA2D607F1D00BF8E84 /* Base */,
			);
			name = LaunchScreen.storyboard;
			sourceTree = "<group>";
		};
/* End PBXVariantGroup section */

/* Begin XCBuildConfiguration section */
		27D44CE32D607F1E00BF8E84 /* Debug */ = {
			isa = XCBuildConfiguration;
			buildSettings = {
				ALWAYS_SEARCH_USER_PATHS = NO;
				ASSETCATALOG_COMPILER_GENERATE_SWIFT_ASSET_SYMBOL_EXTENSIONS = YES;
				CLANG_ANALYZER_NONNULL = YES;
				CLANG_ANALYZER_NUMBER_OBJECT_CONVERSION = YES_AGGRESSIVE;
				CLANG_CXX_LANGUAGE_STANDARD = "gnu++20";
				CLANG_ENABLE_MODULES = YES;
				CLANG_ENABLE_OBJC_ARC = YES;
				CLANG_ENABLE_OBJC_WEAK = YES;
				CLANG_WARN_BLOCK_CAPTURE_AUTORELEASING = YES;
				CLANG_WARN_BOOL_CONVERSION = YES;
				CLANG_WARN_COMMA = YES;
				CLANG_WARN_CONSTANT_CONVERSION = YES;
				CLANG_WARN_DEPRECATED_OBJC_IMPLEMENTATIONS = YES;
				CLANG_WARN_DIRECT_OBJC_ISA_USAGE = YES_ERROR;
				CLANG_WARN_DOCUMENTATION_COMMENTS = YES;
				CLANG_WARN_EMPTY_BODY = YES;
				CLANG_WARN_ENUM_CONVERSION = YES;
				CLANG_WARN_INFINITE_RECURSION = YES;
				CLANG_WARN_INT_CONVERSION = YES;
				CLANG_WARN_NON_LITERAL_NULL_CONVERSION = YES;
				CLANG_WARN_OBJC_IMPLICIT_RETAIN_SELF = YES;
				CLANG_WARN_OBJC_LITERAL_CONVERSION = YES;
				CLANG_WARN_OBJC_ROOT_CLASS = YES_ERROR;
				CLANG_WARN_QUOTED_INCLUDE_IN_FRAMEWORK_HEADER = YES;
				CLANG_WARN_RANGE_LOOP_ANALYSIS = YES;
				CLANG_WARN_STRICT_PROTOTYPES = YES;
				CLANG_WARN_SUSPICIOUS_MOVE = YES;
				CLANG_WARN_UNGUARDED_AVAILABILITY = YES_AGGRESSIVE;
				CLANG_WARN_UNREACHABLE_CODE = YES;
				CLANG_WARN__DUPLICATE_METHOD_MATCH = YES;
				COPY_PHASE_STRIP = NO;
				DEBUG_INFORMATION_FORMAT = dwarf;
				ENABLE_STRICT_OBJC_MSGSEND = YES;
				ENABLE_TESTABILITY = YES;
				ENABLE_USER_SCRIPT_SANDBOXING = YES;
				GCC_C_LANGUAGE_STANDARD = gnu17;
				GCC_DYNAMIC_NO_PIC = NO;
				GCC_NO_COMMON_BLOCKS = YES;
				GCC_OPTIMIZATION_LEVEL = 0;
				GCC_PREPROCESSOR_DEFINITIONS = (
					"DEBUG=1",
					"$(inherited)",
				);
				GCC_WARN_64_TO_32_BIT_CONVERSION = YES;
				GCC_WARN_ABOUT_RETURN_TYPE = YES_ERROR;
				GCC_WARN_UNDECLARED_SELECTOR = YES;
				GCC_WARN_UNINITIALIZED_AUTOS = YES_AGGRESSIVE;
				GCC_WARN_UNUSED_FUNCTION = YES;
				GCC_WARN_UNUSED_VARIABLE = YES;
				IPHONEOS_DEPLOYMENT_TARGET = 13.0;
				LOCALIZATION_PREFERS_STRING_CATALOGS = YES;
				MTL_ENABLE_DEBUG_INFO = INCLUDE_SOURCE;
				MTL_FAST_MATH = YES;
				ONLY_ACTIVE_ARCH = YES;
				SDKROOT = iphoneos;
				SWIFT_ACTIVE_COMPILATION_CONDITIONS = "DEBUG $(inherited)";
				SWIFT_OPTIMIZATION_LEVEL = "-Onone";
			};
			name = Debug;
		};
		27D44CE42D607F1E00BF8E84 /* Release */ = {
			isa = XCBuildConfiguration;
			buildSettings = {
				ALWAYS_SEARCH_USER_PATHS = NO;
				ASSETCATALOG_COMPILER_GENERATE_SWIFT_ASSET_SYMBOL_EXTENSIONS = YES;
				CLANG_ANALYZER_NONNULL = YES;
				CLANG_ANALYZER_NUMBER_OBJECT_CONVERSION = YES_AGGRESSIVE;
				CLANG_CXX_LANGUAGE_STANDARD = "gnu++20";
				CLANG_ENABLE_MODULES = YES;
				CLANG_ENABLE_OBJC_ARC = YES;
				CLANG_ENABLE_OBJC_WEAK = YES;
				CLANG_WARN_BLOCK_CAPTURE_AUTORELEASING = YES;
				CLANG_WARN_BOOL_CONVERSION = YES;
				CLANG_WARN_COMMA = YES;
				CLANG_WARN_CONSTANT_CONVERSION = YES;
				CLANG_WARN_DEPRECATED_OBJC_IMPLEMENTATIONS = YES;
				CLANG_WARN_DIRECT_OBJC_ISA_USAGE = YES_ERROR;
				CLANG_WARN_DOCUMENTATION_COMMENTS = YES;
				CLANG_WARN_EMPTY_BODY = YES;
				CLANG_WARN_ENUM_CONVERSION = YES;
				CLANG_WARN_INFINITE_RECURSION = YES;
				CLANG_WARN_INT_CONVERSION = YES;
				CLANG_WARN_NON_LITERAL_NULL_CONVERSION = YES;
				CLANG_WARN_OBJC_IMPLICIT_RETAIN_SELF = YES;
				CLANG_WARN_OBJC_LITERAL_CONVERSION = YES;
				CLANG_WARN_OBJC_ROOT_CLASS = YES_ERROR;
				CLANG_WARN_QUOTED_INCLUDE_IN_FRAMEWORK_HEADER = YES;
				CLANG_WARN_RANGE_LOOP_ANALYSIS = YES;
				CLANG_WARN_STRICT_PROTOTYPES = YES;
				CLANG_WARN_SUSPICIOUS_MOVE = YES;
				CLANG_WARN_UNGUARDED_AVAILABILITY = YES_AGGRESSIVE;
				CLANG_WARN_UNREACHABLE_CODE = YES;
				CLANG_WARN__DUPLICATE_METHOD_MATCH = YES;
				COPY_PHASE_STRIP = NO;
				DEBUG_INFORMATION_FORMAT = "dwarf-with-dsym";
				ENABLE_NS_ASSERTIONS = NO;
				ENABLE_STRICT_OBJC_MSGSEND = YES;
				ENABLE_USER_SCRIPT_SANDBOXING = YES;
				GCC_C_LANGUAGE_STANDARD = gnu17;
				GCC_NO_COMMON_BLOCKS = YES;
				GCC_WARN_64_TO_32_BIT_CONVERSION = YES;
				GCC_WARN_ABOUT_RETURN_TYPE = YES_ERROR;
				GCC_WARN_UNDECLARED_SELECTOR = YES;
				GCC_WARN_UNINITIALIZED_AUTOS = YES_AGGRESSIVE;
				GCC_WARN_UNUSED_FUNCTION = YES;
				GCC_WARN_UNUSED_VARIABLE = YES;
				IPHONEOS_DEPLOYMENT_TARGET = 13.0;
				LOCALIZATION_PREFERS_STRING_CATALOGS = YES;
				MTL_ENABLE_DEBUG_INFO = NO;
				MTL_FAST_MATH = YES;
				SDKROOT = iphoneos;
				SWIFT_COMPILATION_MODE = wholemodule;
				VALIDATE_PRODUCT = YES;
			};
			name = Release;
		};
		27D44CE62D607F1E00BF8E84 /* Debug */ = {
			isa = XCBuildConfiguration;
			buildSettings = {
				ASSETCATALOG_COMPILER_APPICON_NAME = AppIcon;
				ASSETCATALOG_COMPILER_GLOBAL_ACCENT_COLOR_NAME = AccentColor;
				CODE_SIGN_STYLE = Manual;
				CURRENT_PROJECT_VERSION = 1;
				DEVELOPMENT_TEAM = "";
				GENERATE_INFOPLIST_FILE = YES;
				INFOPLIST_FILE = RMP/Info.plist;
				INFOPLIST_KEY_UIApplicationSupportsIndirectInputEvents = YES;
				INFOPLIST_KEY_UILaunchStoryboardName = LaunchScreen;
				INFOPLIST_KEY_UIMainStoryboardFile = Main;
				INFOPLIST_KEY_UISupportedInterfaceOrientations = UIInterfaceOrientationPortrait;
				IPHONEOS_DEPLOYMENT_TARGET = 13.0;
				LD_RUNPATH_SEARCH_PATHS = (
					"$(inherited)",
					"@executable_path/Frameworks",
				);
				MARKETING_VERSION = 1.0;
				PRODUCT_BUNDLE_IDENTIFIER = com.chillar.rmp;
				PRODUCT_NAME = "$(TARGET_NAME)";
				PROVISIONING_PROFILE_SPECIFIER = "";
				SWIFT_EMIT_LOC_STRINGS = YES;
				SWIFT_VERSION = 5.0;
				TARGETED_DEVICE_FAMILY = "1,2";
			};
			name = Debug;
		};
		27D44CE72D607F1E00BF8E84 /* Release */ = {
			isa = XCBuildConfiguration;
			buildSettings = {
				ASSETCATALOG_COMPILER_APPICON_NAME = AppIcon;
				ASSETCATALOG_COMPILER_GLOBAL_ACCENT_COLOR_NAME = AccentColor;
				CODE_SIGN_STYLE = Manual;
				CURRENT_PROJECT_VERSION = 1;
				DEVELOPMENT_TEAM = "";
				GENERATE_INFOPLIST_FILE = YES;
				INFOPLIST_FILE = RMP/Info.plist;
				INFOPLIST_KEY_UIApplicationSupportsIndirectInputEvents = YES;
				INFOPLIST_KEY_UILaunchStoryboardName = LaunchScreen;
				INFOPLIST_KEY_UIMainStoryboardFile = Main;
				INFOPLIST_KEY_UISupportedInterfaceOrientations = UIInterfaceOrientationPortrait;
				IPHONEOS_DEPLOYMENT_TARGET = 13.0;
				LD_RUNPATH_SEARCH_PATHS = (
					"$(inherited)",
					"@executable_path/Frameworks",
				);
				MARKETING_VERSION = 1.0;
				PRODUCT_BUNDLE_IDENTIFIER = com.chillar.rmp;
				PRODUCT_NAME = "$(TARGET_NAME)";
				PROVISIONING_PROFILE_SPECIFIER = "";
				SWIFT_EMIT_LOC_STRINGS = YES;
				SWIFT_VERSION = 5.0;
				TARGETED_DEVICE_FAMILY = "1,2";
			};
			name = Release;
		};
		27D44CE92D607F1E00BF8E84 /* Debug */ = {
			isa = XCBuildConfiguration;
			buildSettings = {
				ALWAYS_EMBED_SWIFT_STANDARD_LIBRARIES = YES;
				BUNDLE_LOADER = "$(TEST_HOST)";
				CODE_SIGN_STYLE = Automatic;
				CURRENT_PROJECT_VERSION = 1;
				DEVELOPMENT_TEAM = PEPEHLK578;
				GENERATE_INFOPLIST_FILE = YES;
				IPHONEOS_DEPLOYMENT_TARGET = 17.5;
				MARKETING_VERSION = 1.0;
				PRODUCT_BUNDLE_IDENTIFIER = com.chillar.rmp.RMPTests;
				PRODUCT_NAME = "$(TARGET_NAME)";
				SWIFT_EMIT_LOC_STRINGS = NO;
				SWIFT_VERSION = 5.0;
				TARGETED_DEVICE_FAMILY = "1,2";
				TEST_HOST = "$(BUILT_PRODUCTS_DIR)/RMP.app/$(BUNDLE_EXECUTABLE_FOLDER_PATH)/RMP";
			};
			name = Debug;
		};
		27D44CEA2D607F1E00BF8E84 /* Release */ = {
			isa = XCBuildConfiguration;
			buildSettings = {
				ALWAYS_EMBED_SWIFT_STANDARD_LIBRARIES = YES;
				BUNDLE_LOADER = "$(TEST_HOST)";
				CODE_SIGN_STYLE = Automatic;
				CURRENT_PROJECT_VERSION = 1;
				DEVELOPMENT_TEAM = PEPEHLK578;
				GENERATE_INFOPLIST_FILE = YES;
				IPHONEOS_DEPLOYMENT_TARGET = 17.5;
				MARKETING_VERSION = 1.0;
				PRODUCT_BUNDLE_IDENTIFIER = com.chillar.rmp.RMPTests;
				PRODUCT_NAME = "$(TARGET_NAME)";
				SWIFT_EMIT_LOC_STRINGS = NO;
				SWIFT_VERSION = 5.0;
				TARGETED_DEVICE_FAMILY = "1,2";
				TEST_HOST = "$(BUILT_PRODUCTS_DIR)/RMP.app/$(BUNDLE_EXECUTABLE_FOLDER_PATH)/RMP";
			};
			name = Release;
		};
		27D44CEC2D607F1E00BF8E84 /* Debug */ = {
			isa = XCBuildConfiguration;
			buildSettings = {
				ALWAYS_EMBED_SWIFT_STANDARD_LIBRARIES = YES;
				CODE_SIGN_STYLE = Automatic;
				CURRENT_PROJECT_VERSION = 1;
				DEVELOPMENT_TEAM = PEPEHLK578;
				GENERATE_INFOPLIST_FILE = YES;
				MARKETING_VERSION = 1.0;
				PRODUCT_BUNDLE_IDENTIFIER = com.chillar.rmp.RMPUITests;
				PRODUCT_NAME = "$(TARGET_NAME)";
				SWIFT_EMIT_LOC_STRINGS = NO;
				SWIFT_VERSION = 5.0;
				TARGETED_DEVICE_FAMILY = "1,2";
				TEST_TARGET_NAME = RMP;
			};
			name = Debug;
		};
		27D44CED2D607F1E00BF8E84 /* Release */ = {
			isa = XCBuildConfiguration;
			buildSettings = {
				ALWAYS_EMBED_SWIFT_STANDARD_LIBRARIES = YES;
				CODE_SIGN_STYLE = Automatic;
				CURRENT_PROJECT_VERSION = 1;
				DEVELOPMENT_TEAM = PEPEHLK578;
				GENERATE_INFOPLIST_FILE = YES;
				MARKETING_VERSION = 1.0;
				PRODUCT_BUNDLE_IDENTIFIER = com.chillar.rmp.RMPUITests;
				PRODUCT_NAME = "$(TARGET_NAME)";
				SWIFT_EMIT_LOC_STRINGS = NO;
				SWIFT_VERSION = 5.0;
				TARGETED_DEVICE_FAMILY = "1,2";
				TEST_TARGET_NAME = RMP;
			};
			name = Release;
		};
/* End XCBuildConfiguration section */

/* Begin XCConfigurationList section */
		27D44CB62D607F1B00BF8E84 /* Build configuration list for PBXProject "RMP" */ = {
			isa = XCConfigurationList;
			buildConfigurations = (
				27D44CE32D607F1E00BF8E84 /* Debug */,
				27D44CE42D607F1E00BF8E84 /* Release */,
			);
			defaultConfigurationIsVisible = 0;
			defaultConfigurationName = Release;
		};
		27D44CE52D607F1E00BF8E84 /* Build configuration list for PBXNativeTarget "RMP" */ = {
			isa = XCConfigurationList;
			buildConfigurations = (
				27D44CE62D607F1E00BF8E84 /* Debug */,
				27D44CE72D607F1E00BF8E84 /* Release */,
			);
			defaultConfigurationIsVisible = 0;
			defaultConfigurationName = Release;
		};
		27D44CE82D607F1E00BF8E84 /* Build configuration list for PBXNativeTarget "RMPTests" */ = {
			isa = XCConfigurationList;
			buildConfigurations = (
				27D44CE92D607F1E00BF8E84 /* Debug */,
				27D44CEA2D607F1E00BF8E84 /* Release */,
			);
			defaultConfigurationIsVisible = 0;
			defaultConfigurationName = Release;
		};
		27D44CEB2D607F1E00BF8E84 /* Build configuration list for PBXNativeTarget "RMPUITests" */ = {
			isa = XCConfigurationList;
			buildConfigurations = (
				27D44CEC2D607F1E00BF8E84 /* Debug */,
				27D44CED2D607F1E00BF8E84 /* Release */,
			);
			defaultConfigurationIsVisible = 0;
			defaultConfigurationName = Release;
		};
/* End XCConfigurationList section */
	};
	rootObject = 27D44CB32D607F1B00BF8E84 /* Project object */;
}
